
Microsoft Visual Studio Solution File, Format Version 12.00
# Visual Studio 2013
Project("{8BC9CEB8-8B4A-11D0-8D11-00A0C91BC942}") = "MyRogue", "Intermediate\ProjectFiles\MyRogue.vcxproj", "{6B7DC68D-223C-43D6-9F9F-ED4FD837856E}"
	ProjectSection(ProjectDependencies) = postProject
	EndProjectSection
EndProject
Global
	GlobalSection(SolutionConfigurationPlatforms) = preSolution
		Debug Editor|Mac = Debug Editor|Mac
		Debug Editor|Win32 = Debug Editor|Win32
		Debug Editor|Win64 = Debug Editor|Win64
		Debug Editor|WinRT = Debug Editor|WinRT
		Debug|Mac = Debug|Mac
		Debug|Win32 = Debug|Win32
		Debug|Win64 = Debug|Win64
		Debug|WinRT = Debug|WinRT
		DebugGame Editor|Mac = DebugGame Editor|Mac
		DebugGame Editor|Win32 = DebugGame Editor|Win32
		DebugGame Editor|Win64 = DebugGame Editor|Win64
		DebugGame Editor|WinRT = DebugGame Editor|WinRT
		DebugGame|Mac = DebugGame|Mac
		DebugGame|Win32 = DebugGame|Win32
		DebugGame|Win64 = DebugGame|Win64
		DebugGame|WinRT = DebugGame|WinRT
		Development Editor|Mac = Development Editor|Mac
		Development Editor|Win32 = Development Editor|Win32
		Development Editor|Win64 = Development Editor|Win64
		Development Editor|WinRT = Development Editor|WinRT
		Development|Mac = Development|Mac
		Development|Win32 = Development|Win32
		Development|Win64 = Development|Win64
		Development|WinRT = Development|WinRT
		Shipping|Mac = Shipping|Mac
		Shipping|Win32 = Shipping|Win32
		Shipping|Win64 = Shipping|Win64
		Shipping|WinRT = Shipping|WinRT
		Test|Mac = Test|Mac
		Test|Win32 = Test|Win32
		Test|Win64 = Test|Win64
		Test|WinRT = Test|WinRT
	EndGlobalSection
	GlobalSection(ProjectConfigurationPlatforms) = postSolution
		{6B7DC68D-223C-43D6-9F9F-ED4FD837856E}.Debug Editor|Mac.ActiveCfg = Mac_Debug_Editor|Win32
		{6B7DC68D-223C-43D6-9F9F-ED4FD837856E}.Debug Editor|Mac.Build.0 = Mac_Debug_Editor|Win32
		{6B7DC68D-223C-43D6-9F9F-ED4FD837856E}.Debug Editor|Win32.ActiveCfg = Debug_Editor|Win32
		{6B7DC68D-223C-43D6-9F9F-ED4FD837856E}.Debug Editor|Win32.Build.0 = Debug_Editor|Win32
		{6B7DC68D-223C-43D6-9F9F-ED4FD837856E}.Debug Editor|Win64.ActiveCfg = Debug_Editor|x64
		{6B7DC68D-223C-43D6-9F9F-ED4FD837856E}.Debug Editor|Win64.Build.0 = Debug_Editor|x64
		{6B7DC68D-223C-43D6-9F9F-ED4FD837856E}.Debug Editor|WinRT.ActiveCfg = WinRT_Debug_Editor|Win32
		{6B7DC68D-223C-43D6-9F9F-ED4FD837856E}.Debug Editor|WinRT.Build.0 = WinRT_Debug_Editor|Win32
		{6B7DC68D-223C-43D6-9F9F-ED4FD837856E}.Debug Editor|WinRT.Deploy.0 = WinRT_Debug_Editor|Win32
		{6B7DC68D-223C-43D6-9F9F-ED4FD837856E}.Debug|Mac.ActiveCfg = Mac_Debug_Game|Win32
		{6B7DC68D-223C-43D6-9F9F-ED4FD837856E}.Debug|Mac.Build.0 = Mac_Debug_Game|Win32
		{6B7DC68D-223C-43D6-9F9F-ED4FD837856E}.Debug|Win32.ActiveCfg = Debug_Game|Win32
		{6B7DC68D-223C-43D6-9F9F-ED4FD837856E}.Debug|Win32.Build.0 = Debug_Game|Win32
		{6B7DC68D-223C-43D6-9F9F-ED4FD837856E}.Debug|Win64.ActiveCfg = Debug_Game|x64
		{6B7DC68D-223C-43D6-9F9F-ED4FD837856E}.Debug|Win64.Build.0 = Debug_Game|x64
		{6B7DC68D-223C-43D6-9F9F-ED4FD837856E}.Debug|WinRT.ActiveCfg = WinRT_Debug_Game|Win32
		{6B7DC68D-223C-43D6-9F9F-ED4FD837856E}.Debug|WinRT.Build.0 = WinRT_Debug_Game|Win32
		{6B7DC68D-223C-43D6-9F9F-ED4FD837856E}.Debug|WinRT.Deploy.0 = WinRT_Debug_Game|Win32
		{6B7DC68D-223C-43D6-9F9F-ED4FD837856E}.DebugGame Editor|Mac.ActiveCfg = Mac_DebugGame_Editor|Win32
		{6B7DC68D-223C-43D6-9F9F-ED4FD837856E}.DebugGame Editor|Mac.Build.0 = Mac_DebugGame_Editor|Win32
		{6B7DC68D-223C-43D6-9F9F-ED4FD837856E}.DebugGame Editor|Win32.ActiveCfg = DebugGame_Editor|Win32
		{6B7DC68D-223C-43D6-9F9F-ED4FD837856E}.DebugGame Editor|Win32.Build.0 = DebugGame_Editor|Win32
		{6B7DC68D-223C-43D6-9F9F-ED4FD837856E}.DebugGame Editor|Win64.ActiveCfg = DebugGame_Editor|x64
		{6B7DC68D-223C-43D6-9F9F-ED4FD837856E}.DebugGame Editor|Win64.Build.0 = DebugGame_Editor|x64
		{6B7DC68D-223C-43D6-9F9F-ED4FD837856E}.DebugGame Editor|WinRT.ActiveCfg = WinRT_DebugGame_Editor|Win32
		{6B7DC68D-223C-43D6-9F9F-ED4FD837856E}.DebugGame Editor|WinRT.Build.0 = WinRT_DebugGame_Editor|Win32
		{6B7DC68D-223C-43D6-9F9F-ED4FD837856E}.DebugGame Editor|WinRT.Deploy.0 = WinRT_DebugGame_Editor|Win32
		{6B7DC68D-223C-43D6-9F9F-ED4FD837856E}.DebugGame|Mac.ActiveCfg = Mac_DebugGame_Game|Win32
		{6B7DC68D-223C-43D6-9F9F-ED4FD837856E}.DebugGame|Mac.Build.0 = Mac_DebugGame_Game|Win32
		{6B7DC68D-223C-43D6-9F9F-ED4FD837856E}.DebugGame|Win32.ActiveCfg = DebugGame_Game|Win32
		{6B7DC68D-223C-43D6-9F9F-ED4FD837856E}.DebugGame|Win32.Build.0 = DebugGame_Game|Win32
		{6B7DC68D-223C-43D6-9F9F-ED4FD837856E}.DebugGame|Win64.ActiveCfg = DebugGame_Game|x64
		{6B7DC68D-223C-43D6-9F9F-ED4FD837856E}.DebugGame|Win64.Build.0 = DebugGame_Game|x64
		{6B7DC68D-223C-43D6-9F9F-ED4FD837856E}.DebugGame|WinRT.ActiveCfg = WinRT_DebugGame_Game|Win32
		{6B7DC68D-223C-43D6-9F9F-ED4FD837856E}.DebugGame|WinRT.Build.0 = WinRT_DebugGame_Game|Win32
		{6B7DC68D-223C-43D6-9F9F-ED4FD837856E}.DebugGame|WinRT.Deploy.0 = WinRT_DebugGame_Game|Win32
		{6B7DC68D-223C-43D6-9F9F-ED4FD837856E}.Development Editor|Mac.ActiveCfg = Mac_Development_Editor|Win32
		{6B7DC68D-223C-43D6-9F9F-ED4FD837856E}.Development Editor|Mac.Build.0 = Mac_Development_Editor|Win32
		{6B7DC68D-223C-43D6-9F9F-ED4FD837856E}.Development Editor|Win32.ActiveCfg = Development_Editor|Win32
		{6B7DC68D-223C-43D6-9F9F-ED4FD837856E}.Development Editor|Win32.Build.0 = Development_Editor|Win32
		{6B7DC68D-223C-43D6-9F9F-ED4FD837856E}.Development Editor|Win64.ActiveCfg = Development_Editor|x64
		{6B7DC68D-223C-43D6-9F9F-ED4FD837856E}.Development Editor|Win64.Build.0 = Development_Editor|x64
		{6B7DC68D-223C-43D6-9F9F-ED4FD837856E}.Development Editor|WinRT.ActiveCfg = WinRT_Development_Editor|Win32
		{6B7DC68D-223C-43D6-9F9F-ED4FD837856E}.Development Editor|WinRT.Build.0 = WinRT_Development_Editor|Win32
		{6B7DC68D-223C-43D6-9F9F-ED4FD837856E}.Development Editor|WinRT.Deploy.0 = WinRT_Development_Editor|Win32
		{6B7DC68D-223C-43D6-9F9F-ED4FD837856E}.Development|Mac.ActiveCfg = Mac_Development_Game|Win32
		{6B7DC68D-223C-43D6-9F9F-ED4FD837856E}.Development|Mac.Build.0 = Mac_Development_Game|Win32
		{6B7DC68D-223C-43D6-9F9F-ED4FD837856E}.Development|Win32.ActiveCfg = Development_Game|Win32
		{6B7DC68D-223C-43D6-9F9F-ED4FD837856E}.Development|Win32.Build.0 = Development_Game|Win32
		{6B7DC68D-223C-43D6-9F9F-ED4FD837856E}.Development|Win64.ActiveCfg = Development_Game|x64
		{6B7DC68D-223C-43D6-9F9F-ED4FD837856E}.Development|Win64.Build.0 = Development_Game|x64
		{6B7DC68D-223C-43D6-9F9F-ED4FD837856E}.Development|WinRT.ActiveCfg = WinRT_Development_Game|Win32
		{6B7DC68D-223C-43D6-9F9F-ED4FD837856E}.Development|WinRT.Build.0 = WinRT_Development_Game|Win32
		{6B7DC68D-223C-43D6-9F9F-ED4FD837856E}.Development|WinRT.Deploy.0 = WinRT_Development_Game|Win32
		{6B7DC68D-223C-43D6-9F9F-ED4FD837856E}.Shipping|Mac.ActiveCfg = Mac_Shipping_Game|Win32
		{6B7DC68D-223C-43D6-9F9F-ED4FD837856E}.Shipping|Mac.Build.0 = Mac_Shipping_Game|Win32
		{6B7DC68D-223C-43D6-9F9F-ED4FD837856E}.Shipping|Win32.ActiveCfg = Shipping_Game|Win32
		{6B7DC68D-223C-43D6-9F9F-ED4FD837856E}.Shipping|Win32.Build.0 = Shipping_Game|Win32
		{6B7DC68D-223C-43D6-9F9F-ED4FD837856E}.Shipping|Win64.ActiveCfg = Shipping_Game|x64
		{6B7DC68D-223C-43D6-9F9F-ED4FD837856E}.Shipping|Win64.Build.0 = Shipping_Game|x64
		{6B7DC68D-223C-43D6-9F9F-ED4FD837856E}.Shipping|WinRT.ActiveCfg = WinRT_Shipping_Game|Win32
		{6B7DC68D-223C-43D6-9F9F-ED4FD837856E}.Shipping|WinRT.Build.0 = WinRT_Shipping_Game|Win32
		{6B7DC68D-223C-43D6-9F9F-ED4FD837856E}.Shipping|WinRT.Deploy.0 = WinRT_Shipping_Game|Win32
		{6B7DC68D-223C-43D6-9F9F-ED4FD837856E}.Test|Mac.ActiveCfg = Mac_Test_Game|Win32
		{6B7DC68D-223C-43D6-9F9F-ED4FD837856E}.Test|Mac.Build.0 = Mac_Test_Game|Win32
		{6B7DC68D-223C-43D6-9F9F-ED4FD837856E}.Test|Win32.ActiveCfg = Test_Game|Win32
		{6B7DC68D-223C-43D6-9F9F-ED4FD837856E}.Test|Win32.Build.0 = Test_Game|Win32
		{6B7DC68D-223C-43D6-9F9F-ED4FD837856E}.Test|Win64.ActiveCfg = Test_Game|x64
		{6B7DC68D-223C-43D6-9F9F-ED4FD837856E}.Test|Win64.Build.0 = Test_Game|x64
		{6B7DC68D-223C-43D6-9F9F-ED4FD837856E}.Test|WinRT.ActiveCfg = WinRT_Test_Game|Win32
		{6B7DC68D-223C-43D6-9F9F-ED4FD837856E}.Test|WinRT.Build.0 = WinRT_Test_Game|Win32
		{6B7DC68D-223C-43D6-9F9F-ED4FD837856E}.Test|WinRT.Deploy.0 = WinRT_Test_Game|Win32
	EndGlobalSection
	GlobalSection(SolutionProperties) = preSolution
		HideSolutionNode = FALSE
	EndGlobalSection
	GlobalSection(NestedProjects) = preSolution
	EndGlobalSection
EndGlobal
